
Microsoft Visual Studio Solution File, Format Version 12.00
# Visual Studio Version 17
VisualStudioVersion = 17.0.31903.59
MinimumVisualStudioVersion = 10.0.40219.1
Project("{FAE04EC0-301F-11D3-BF4B-00C04F79EFBC}") = "ConsoleAppTest", "ConsoleAppTest\ConsoleAppTest.csproj", "{21FEDDE9-52DA-4105-B09A-14E67A98FC2C}"
EndProject
Project("{FAE04EC0-301F-11D3-BF4B-00C04F79EFBC}") = "IntroSintaxis", "IntroSintaxis\IntroSintaxis.csproj", "{44AFA981-4BAF-484F-9EFE-D09F74CE8C84}"
EndProject
Project("{FAE04EC0-301F-11D3-BF4B-00C04F79EFBC}") = "Vars", "Vars\Vars.csproj", "{75AAF5DC-F286-4982-8E2C-74AB4E810262}"
EndProject
Project("{FAE04EC0-301F-11D3-BF4B-00C04F79EFBC}") = "ConsoleInput", "ConsoleInput\ConsoleInput.csproj", "{1EE63E85-A50F-4C8F-A137-47CA0FCA9D48}"
EndProject
Project("{FAE04EC0-301F-11D3-BF4B-00C04F79EFBC}") = "Operadores", "Operadores\Operadores.csproj", "{3AC0299B-7A26-4629-8BA1-0A0F29EA6D27}"
EndProject
Global
	GlobalSection(SolutionConfigurationPlatforms) = preSolution
		Debug|Any CPU = Debug|Any CPU
		Debug|x64 = Debug|x64
		Debug|x86 = Debug|x86
		Release|Any CPU = Release|Any CPU
		Release|x64 = Release|x64
		Release|x86 = Release|x86
	EndGlobalSection
	GlobalSection(ProjectConfigurationPlatforms) = postSolution
		{21FEDDE9-52DA-4105-B09A-14E67A98FC2C}.Debug|Any CPU.ActiveCfg = Debug|Any CPU
		{21FEDDE9-52DA-4105-B09A-14E67A98FC2C}.Debug|Any CPU.Build.0 = Debug|Any CPU
		{21FEDDE9-52DA-4105-B09A-14E67A98FC2C}.Debug|x64.ActiveCfg = Debug|Any CPU
		{21FEDDE9-52DA-4105-B09A-14E67A98FC2C}.Debug|x64.Build.0 = Debug|Any CPU
		{21FEDDE9-52DA-4105-B09A-14E67A98FC2C}.Debug|x86.ActiveCfg = Debug|Any CPU
		{21FEDDE9-52DA-4105-B09A-14E67A98FC2C}.Debug|x86.Build.0 = Debug|Any CPU
		{21FEDDE9-52DA-4105-B09A-14E67A98FC2C}.Release|Any CPU.ActiveCfg = Release|Any CPU
		{21FEDDE9-52DA-4105-B09A-14E67A98FC2C}.Release|Any CPU.Build.0 = Release|Any CPU
		{21FEDDE9-52DA-4105-B09A-14E67A98FC2C}.Release|x64.ActiveCfg = Release|Any CPU
		{21FEDDE9-52DA-4105-B09A-14E67A98FC2C}.Release|x64.Build.0 = Release|Any CPU
		{21FEDDE9-52DA-4105-B09A-14E67A98FC2C}.Release|x86.ActiveCfg = Release|Any CPU
		{21FEDDE9-52DA-4105-B09A-14E67A98FC2C}.Release|x86.Build.0 = Release|Any CPU
		{44AFA981-4BAF-484F-9EFE-D09F74CE8C84}.Debug|Any CPU.ActiveCfg = Debug|Any CPU
		{44AFA981-4BAF-484F-9EFE-D09F74CE8C84}.Debug|Any CPU.Build.0 = Debug|Any CPU
		{44AFA981-4BAF-484F-9EFE-D09F74CE8C84}.Debug|x64.ActiveCfg = Debug|Any CPU
		{44AFA981-4BAF-484F-9EFE-D09F74CE8C84}.Debug|x64.Build.0 = Debug|Any CPU
		{44AFA981-4BAF-484F-9EFE-D09F74CE8C84}.Debug|x86.ActiveCfg = Debug|Any CPU
		{44AFA981-4BAF-484F-9EFE-D09F74CE8C84}.Debug|x86.Build.0 = Debug|Any CPU
		{44AFA981-4BAF-484F-9EFE-D09F74CE8C84}.Release|Any CPU.ActiveCfg = Release|Any CPU
		{44AFA981-4BAF-484F-9EFE-D09F74CE8C84}.Release|Any CPU.Build.0 = Release|Any CPU
		{44AFA981-4BAF-484F-9EFE-D09F74CE8C84}.Release|x64.ActiveCfg = Release|Any CPU
		{44AFA981-4BAF-484F-9EFE-D09F74CE8C84}.Release|x64.Build.0 = Release|Any CPU
		{44AFA981-4BAF-484F-9EFE-D09F74CE8C84}.Release|x86.ActiveCfg = Release|Any CPU
		{44AFA981-4BAF-484F-9EFE-D09F74CE8C84}.Release|x86.Build.0 = Release|Any CPU
		{75AAF5DC-F286-4982-8E2C-74AB4E810262}.Debug|Any CPU.ActiveCfg = Debug|Any CPU
		{75AAF5DC-F286-4982-8E2C-74AB4E810262}.Debug|Any CPU.Build.0 = Debug|Any CPU
		{75AAF5DC-F286-4982-8E2C-74AB4E810262}.Debug|x64.ActiveCfg = Debug|Any CPU
		{75AAF5DC-F286-4982-8E2C-74AB4E810262}.Debug|x64.Build.0 = Debug|Any CPU
		{75AAF5DC-F286-4982-8E2C-74AB4E810262}.Debug|x86.ActiveCfg = Debug|Any CPU
		{75AAF5DC-F286-4982-8E2C-74AB4E810262}.Debug|x86.Build.0 = Debug|Any CPU
		{75AAF5DC-F286-4982-8E2C-74AB4E810262}.Release|Any CPU.ActiveCfg = Release|Any CPU
		{75AAF5DC-F286-4982-8E2C-74AB4E810262}.Release|Any CPU.Build.0 = Release|Any CPU
		{75AAF5DC-F286-4982-8E2C-74AB4E810262}.Release|x64.ActiveCfg = Release|Any CPU
		{75AAF5DC-F286-4982-8E2C-74AB4E810262}.Release|x64.Build.0 = Release|Any CPU
		{75AAF5DC-F286-4982-8E2C-74AB4E810262}.Release|x86.ActiveCfg = Release|Any CPU
		{75AAF5DC-F286-4982-8E2C-74AB4E810262}.Release|x86.Build.0 = Release|Any CPU
		{1EE63E85-A50F-4C8F-A137-47CA0FCA9D48}.Debug|Any CPU.ActiveCfg = Debug|Any CPU
		{1EE63E85-A50F-4C8F-A137-47CA0FCA9D48}.Debug|Any CPU.Build.0 = Debug|Any CPU
		{1EE63E85-A50F-4C8F-A137-47CA0FCA9D48}.Debug|x64.ActiveCfg = Debug|Any CPU
		{1EE63E85-A50F-4C8F-A137-47CA0FCA9D48}.Debug|x64.Build.0 = Debug|Any CPU
		{1EE63E85-A50F-4C8F-A137-47CA0FCA9D48}.Debug|x86.ActiveCfg = Debug|Any CPU
		{1EE63E85-A50F-4C8F-A137-47CA0FCA9D48}.Debug|x86.Build.0 = Debug|Any CPU
		{1EE63E85-A50F-4C8F-A137-47CA0FCA9D48}.Release|Any CPU.ActiveCfg = Release|Any CPU
		{1EE63E85-A50F-4C8F-A137-47CA0FCA9D48}.Release|Any CPU.Build.0 = Release|Any CPU
		{1EE63E85-A50F-4C8F-A137-47CA0FCA9D48}.Release|x64.ActiveCfg = Release|Any CPU
		{1EE63E85-A50F-4C8F-A137-47CA0FCA9D48}.Release|x64.Build.0 = Release|Any CPU
		{1EE63E85-A50F-4C8F-A137-47CA0FCA9D48}.Release|x86.ActiveCfg = Release|Any CPU
		{1EE63E85-A50F-4C8F-A137-47CA0FCA9D48}.Release|x86.Build.0 = Release|Any CPU
		{3AC0299B-7A26-4629-8BA1-0A0F29EA6D27}.Debug|Any CPU.ActiveCfg = Debug|Any CPU
		{3AC0299B-7A26-4629-8BA1-0A0F29EA6D27}.Debug|Any CPU.Build.0 = Debug|Any CPU
		{3AC0299B-7A26-4629-8BA1-0A0F29EA6D27}.Debug|x64.ActiveCfg = Debug|Any CPU
		{3AC0299B-7A26-4629-8BA1-0A0F29EA6D27}.Debug|x64.Build.0 = Debug|Any CPU
		{3AC0299B-7A26-4629-8BA1-0A0F29EA6D27}.Debug|x86.ActiveCfg = Debug|Any CPU
		{3AC0299B-7A26-4629-8BA1-0A0F29EA6D27}.Debug|x86.Build.0 = Debug|Any CPU
		{3AC0299B-7A26-4629-8BA1-0A0F29EA6D27}.Release|Any CPU.ActiveCfg = Release|Any CPU
		{3AC0299B-7A26-4629-8BA1-0A0F29EA6D27}.Release|Any CPU.Build.0 = Release|Any CPU
		{3AC0299B-7A26-4629-8BA1-0A0F29EA6D27}.Release|x64.ActiveCfg = Release|Any CPU
		{3AC0299B-7A26-4629-8BA1-0A0F29EA6D27}.Release|x64.Build.0 = Release|Any CPU
		{3AC0299B-7A26-4629-8BA1-0A0F29EA6D27}.Release|x86.ActiveCfg = Release|Any CPU
		{3AC0299B-7A26-4629-8BA1-0A0F29EA6D27}.Release|x86.Build.0 = Release|Any CPU
	EndGlobalSection
	GlobalSection(SolutionProperties) = preSolution
		HideSolutionNode = FALSE
	EndGlobalSection
EndGlobal
